<?xml version="1.0" encoding="utf-8"?>
<Project ToolsVersion="4.0" xmlns="http://schemas.microsoft.com/developer/msbuild/2003">
  <ItemGroup>
    <ClCompile Include="Bitmap.cpp">
      <Filter>D3DFramework\Bitmap</Filter>
    </ClCompile>
    <ClCompile Include="cAllocatedHierachy.cpp">
      <Filter>D3DFramework\cXFileManager</Filter>
    </ClCompile>
    <ClCompile Include="cCameraManager.cpp">
      <Filter>D3DFramework\cCameraManager</Filter>
    </ClCompile>
    <ClCompile Include="cDeviceManager.cpp">
      <Filter>D3DFramework\cDeviceManager</Filter>
    </ClCompile>
    <ClCompile Include="cFontManager.cpp">
      <Filter>D3DFramework\cFontManager</Filter>
    </ClCompile>
    <ClCompile Include="cKeyManager.cpp">
      <Filter>D3DFramework\cKeyManager</Filter>
    </ClCompile>
    <ClCompile Include="cMainGame.cpp">
      <Filter>소스파일\cMainGame</Filter>
    </ClCompile>
    <ClCompile Include="cGameNode.cpp">
      <Filter>cGameNode</Filter>
    </ClCompile>
    <ClCompile Include="cMainScene.cpp">
      <Filter>소스파일\cScene</Filter>
    </ClCompile>
    <ClCompile Include="cCharacter.cpp">
      <Filter>소스파일\cCharacter</Filter>
    </ClCompile>
    <ClCompile Include="cPlayer.cpp">
      <Filter>소스파일\cCharacter</Filter>
    </ClCompile>
    <ClCompile Include="cRangeSkill.cpp">
      <Filter>D3DFramework\cSkillManager</Filter>
    </ClCompile>
    <ClCompile Include="cMeleeSkill.cpp">
      <Filter>D3DFramework\cSkillManager</Filter>
    </ClCompile>
    <ClCompile Include="cSkill.cpp">
      <Filter>D3DFramework\cSkillManager</Filter>
    </ClCompile>
    <ClCompile Include="cTimeManager.cpp">
      <Filter>D3DFramework\cTimeManager</Filter>
    </ClCompile>
    <ClCompile Include="cSceneManager.cpp">
      <Filter>D3DFramework\cSceneManager</Filter>
    </ClCompile>
    <ClCompile Include="cTextureManager.cpp">
      <Filter>D3DFramework\cTextureManager</Filter>
    </ClCompile>
    <ClCompile Include="cXManager.cpp">
      <Filter>D3DFramework\cXFileManager</Filter>
    </ClCompile>
    <ClCompile Include="cRayPicking.cpp">
      <Filter>소스파일\cRayPicking</Filter>
    </ClCompile>
    <ClCompile Include="cSkillManager.cpp">
      <Filter>D3DFramework\cSkillManager</Filter>
    </ClCompile>
    <ClCompile Include="cPlayScene.cpp">
      <Filter>소스파일\cScene</Filter>
    </ClCompile>
    <ClCompile Include="cShop.cpp">
      <Filter>소스파일\cShop</Filter>
    </ClCompile>
    <ClCompile Include="MainGame_AddSprite.cpp">
      <Filter>소스파일\cMainGame</Filter>
    </ClCompile>
    <ClCompile Include="D3Dx.cpp">
      <Filter>소스파일</Filter>
    </ClCompile>
    <ClCompile Include="stdafx.cpp">
      <Filter>소스파일</Filter>
    </ClCompile>
    <ClCompile Include="cCube.cpp">
      <Filter>소스파일</Filter>
    </ClCompile>
    <ClCompile Include="cSkinnedMesh.cpp">
      <Filter>D3DFramework\cXFileManager</Filter>
    </ClCompile>
    <ClCompile Include="cSphere.cpp">
      <Filter>소스파일\cSphere</Filter>
    </ClCompile>
    <ClCompile Include="cAction.cpp">
      <Filter>D3DFramework\cXFileManager</Filter>
    </ClCompile>
    <ClCompile Include="cObjectSkill.cpp">
      <Filter>D3DFramework\cSkillManager</Filter>
    </ClCompile>
    <ClCompile Include="cBuffSkill.cpp">
      <Filter>소스파일</Filter>
    </ClCompile>
    <ClCompile Include="cStatus.cpp">
      <Filter>소스파일\cStatus</Filter>
    </ClCompile>
    <ClCompile Include="cUiSkill.cpp">
      <Filter>소스파일\cStatus</Filter>
    </ClCompile>
    <ClCompile Include="cUIButton.cpp">
      <Filter>소스파일\cStatus</Filter>
    </ClCompile>
    <ClCompile Include="cSelectScene.cpp">
      <Filter>소스파일\cScene</Filter>
    </ClCompile>
    <ClCompile Include="cMainUI.cpp">
      <Filter>소스파일\cMainUI</Filter>
    </ClCompile>
    <ClCompile Include="cInventory.cpp">
      <Filter>소스파일\cShop</Filter>
    </ClCompile>
    <ClCompile Include="citem.cpp">
      <Filter>소스파일\cShop</Filter>
    </ClCompile>
    <ClCompile Include="cHealthProgress.cpp">
      <Filter>소스파일\cStatus</Filter>
    </ClCompile>
    <ClCompile Include="cBluePrint.cpp">
      <Filter>소스파일\cShop</Filter>
    </ClCompile>
    <ClCompile Include="cCollisionManager.cpp">
      <Filter>D3DFramework\cCollisionManager</Filter>
    </ClCompile>
    <ClCompile Include="cAStar.cpp">
      <Filter>D3DFramework\cCollisionManager</Filter>
    </ClCompile>
    <ClCompile Include="cLoadingScene.cpp" />
  </ItemGroup>
  <ItemGroup>
    <ClInclude Include="Bitmap.h">
      <Filter>D3DFramework\Bitmap</Filter>
    </ClInclude>
    <ClInclude Include="cAllocatedHierachy.h">
      <Filter>D3DFramework\cXFileManager</Filter>
    </ClInclude>
    <ClInclude Include="cCameraManager.h">
      <Filter>D3DFramework\cCameraManager</Filter>
    </ClInclude>
    <ClInclude Include="cDeviceManager.h">
      <Filter>D3DFramework\cDeviceManager</Filter>
    </ClInclude>
    <ClInclude Include="cFontManager.h">
      <Filter>D3DFramework\cFontManager</Filter>
    </ClInclude>
    <ClInclude Include="cKeyManager.h">
      <Filter>D3DFramework\cKeyManager</Filter>
    </ClInclude>
    <ClInclude Include="cMainGame.h">
      <Filter>소스파일\cMainGame</Filter>
    </ClInclude>
    <ClInclude Include="cGameNode.h">
      <Filter>cGameNode</Filter>
    </ClInclude>
    <ClInclude Include="cMainScene.h">
      <Filter>소스파일\cScene</Filter>
    </ClInclude>
    <ClInclude Include="cCharacter.h">
      <Filter>소스파일\cCharacter</Filter>
    </ClInclude>
    <ClInclude Include="cPlayer.h">
      <Filter>소스파일\cCharacter</Filter>
    </ClInclude>
    <ClInclude Include="cMeleeSkill.h">
      <Filter>D3DFramework\cSkillManager</Filter>
    </ClInclude>
    <ClInclude Include="cSkill.h">
      <Filter>D3DFramework\cSkillManager</Filter>
    </ClInclude>
    <ClInclude Include="cTimeManager.h">
      <Filter>D3DFramework\cTimeManager</Filter>
    </ClInclude>
    <ClInclude Include="cSceneManager.h">
      <Filter>D3DFramework\cSceneManager</Filter>
    </ClInclude>
    <ClInclude Include="cTextureManager.h">
      <Filter>D3DFramework\cTextureManager</Filter>
    </ClInclude>
    <ClInclude Include="cXManager.h">
      <Filter>D3DFramework\cXFileManager</Filter>
    </ClInclude>
    <ClInclude Include="cSkillManager.h">
      <Filter>D3DFramework\cSkillManager</Filter>
    </ClInclude>
    <ClInclude Include="cRayPicking.h">
      <Filter>소스파일\cRayPicking</Filter>
    </ClInclude>
    <ClInclude Include="cRangeSkill.h">
      <Filter>D3DFramework\cSkillManager</Filter>
    </ClInclude>
    <ClInclude Include="cPlayScene.h">
      <Filter>소스파일\cScene</Filter>
    </ClInclude>
    <ClInclude Include="cShop.h">
      <Filter>소스파일\cShop</Filter>
    </ClInclude>
    <ClInclude Include="D3Dx.h">
      <Filter>리소스파일</Filter>
    </ClInclude>
    <ClInclude Include="EnumState.h">
      <Filter>해더파일</Filter>
    </ClInclude>
    <ClInclude Include="Resource.h">
      <Filter>해더파일</Filter>
    </ClInclude>
    <ClInclude Include="targetver.h">
      <Filter>해더파일</Filter>
    </ClInclude>
    <ClInclude Include="stdafx.h">
      <Filter>해더파일</Filter>
    </ClInclude>
    <ClInclude Include="D3DMacroFunction.h">
      <Filter>해더파일</Filter>
    </ClInclude>
    <ClInclude Include="cCube.h">
      <Filter>소스파일</Filter>
    </ClInclude>
    <ClInclude Include="cSkinnedMesh.h">
      <Filter>D3DFramework\cXFileManager</Filter>
    </ClInclude>
    <ClInclude Include="cSphere.h">
      <Filter>소스파일\cSphere</Filter>
    </ClInclude>
    <ClInclude Include="cAction.h">
      <Filter>D3DFramework\cXFileManager</Filter>
    </ClInclude>
    <ClInclude Include="cObjectSkill.h">
      <Filter>D3DFramework\cSkillManager</Filter>
    </ClInclude>
    <ClInclude Include="cBuffSkill.h">
      <Filter>소스파일</Filter>
    </ClInclude>
    <ClInclude Include="cStatus.h">
      <Filter>소스파일\cStatus</Filter>
    </ClInclude>
    <ClInclude Include="cUiSkill.h">
      <Filter>소스파일\cStatus</Filter>
    </ClInclude>
    <ClInclude Include="cUIButton.h">
      <Filter>소스파일\cStatus</Filter>
    </ClInclude>
    <ClInclude Include="cSelectScene.h">
      <Filter>소스파일\cScene</Filter>
    </ClInclude>
    <ClInclude Include="cMainUI.h">
      <Filter>소스파일\cMainUI</Filter>
    </ClInclude>
    <ClInclude Include="cInventory.h">
      <Filter>소스파일\cShop</Filter>
    </ClInclude>
    <ClInclude Include="citem.h">
      <Filter>소스파일\cShop</Filter>
    </ClInclude>
    <ClInclude Include="cHealthProgress.h">
      <Filter>소스파일\cStatus</Filter>
    </ClInclude>
    <ClInclude Include="cBluePrint.h">
      <Filter>소스파일\cShop</Filter>
    </ClInclude>
    <ClInclude Include="cCollisionManager.h">
      <Filter>D3DFramework\cCollisionManager</Filter>
    </ClInclude>
    <ClInclude Include="cAStar.h">
      <Filter>D3DFramework\cCollisionManager</Filter>
    </ClInclude>
    <ClInclude Include="cLoadingScene.h" />
  </ItemGroup>
  <ItemGroup>
    <Image Include="D3Dx.ico">
      <Filter>리소스파일</Filter>
    </Image>
    <Image Include="small.ico">
      <Filter>리소스파일</Filter>
    </Image>
  </ItemGroup>
  <ItemGroup>
    <Filter Include="D3DFramework">
      <UniqueIdentifier>{6c329bb8-3943-4884-8de0-43988d8ecd36}</UniqueIdentifier>
    </Filter>
    <Filter Include="D3DFramework\cKeyManager">
      <UniqueIdentifier>{0a0e76eb-2959-4e47-86de-6ae93b5ceb52}</UniqueIdentifier>
    </Filter>
    <Filter Include="D3DFramework\cFontManager">
      <UniqueIdentifier>{eee768fd-b97f-49aa-addb-7c0bc5b78692}</UniqueIdentifier>
    </Filter>
    <Filter Include="D3DFramework\cDeviceManager">
      <UniqueIdentifier>{eb593d36-ed4c-4143-9459-e44e5c7e8b2d}</UniqueIdentifier>
    </Filter>
    <Filter Include="D3DFramework\cTimeManager">
      <UniqueIdentifier>{ae0f6c73-c7e8-49e9-a7f9-a986e7cc521b}</UniqueIdentifier>
    </Filter>
    <Filter Include="D3DFramework\cXFileManager">
      <UniqueIdentifier>{16f42f0b-6597-4c76-98d6-2ac1b0e28d7e}</UniqueIdentifier>
    </Filter>
    <Filter Include="D3DFramework\Bitmap">
      <UniqueIdentifier>{d3017cf2-43b7-4c70-a7d2-01a2a08d0a02}</UniqueIdentifier>
    </Filter>
    <Filter Include="D3DFramework\cCameraManager">
      <UniqueIdentifier>{2619012c-48ae-463b-9b03-736b1a50e15e}</UniqueIdentifier>
    </Filter>
    <Filter Include="소스파일">
      <UniqueIdentifier>{56e6b877-1879-4853-95b8-097144c04a03}</UniqueIdentifier>
    </Filter>
    <Filter Include="소스파일\cMainGame">
      <UniqueIdentifier>{7c6a0e42-b695-4245-9a9b-1ed035c514a9}</UniqueIdentifier>
    </Filter>
    <Filter Include="cGameNode">
      <UniqueIdentifier>{a20af526-1260-4844-b183-7830268430fc}</UniqueIdentifier>
    </Filter>
    <Filter Include="D3DFramework\cSkillManager">
      <UniqueIdentifier>{69a4c4de-54ff-4914-a25c-6b4d19082e25}</UniqueIdentifier>
    </Filter>
    <Filter Include="소스파일\cScene">
      <UniqueIdentifier>{ed2c75bd-d3cb-4fd4-9883-b6b820b65a17}</UniqueIdentifier>
    </Filter>
    <Filter Include="소스파일\cCharacter">
      <UniqueIdentifier>{63fcab46-1c98-4bfd-8b97-f030983cb78d}</UniqueIdentifier>
    </Filter>
    <Filter Include="D3DFramework\cTextureManager">
      <UniqueIdentifier>{0001a5d7-f270-4706-ad9a-0554530d762f}</UniqueIdentifier>
    </Filter>
    <Filter Include="D3DFramework\cSceneManager">
      <UniqueIdentifier>{5565822f-3228-42d5-92db-1aebadc5a569}</UniqueIdentifier>
    </Filter>
    <Filter Include="소스파일\cRayPicking">
      <UniqueIdentifier>{514b5b10-153e-4d8c-b165-21a0046b47cd}</UniqueIdentifier>
    </Filter>
    <Filter Include="소스파일\cShop">
      <UniqueIdentifier>{c6aff3cf-c07c-4c9a-a23a-907b46bcfbb7}</UniqueIdentifier>
    </Filter>
    <Filter Include="리소스파일">
      <UniqueIdentifier>{4d396d22-a861-4987-8afc-1a294643ffb8}</UniqueIdentifier>
    </Filter>
    <Filter Include="해더파일">
      <UniqueIdentifier>{25f3a1a9-58fe-4eee-ac80-3b5cc56c77c8}</UniqueIdentifier>
    </Filter>
    <Filter Include="소스파일\cSphere">
      <UniqueIdentifier>{824f96b1-62ef-45c1-b03d-bff673540f8b}</UniqueIdentifier>
    </Filter>
    <Filter Include="소스파일\cStatus">
      <UniqueIdentifier>{a11aaeae-e29f-48ee-9992-ea1c9e784bf4}</UniqueIdentifier>
    </Filter>
    <Filter Include="소스파일\cMainUI">
      <UniqueIdentifier>{37c203be-c8f7-406a-a71c-c1962affee60}</UniqueIdentifier>
    </Filter>
    <Filter Include="D3DFramework\cCollisionManager">
      <UniqueIdentifier>{375547c1-a081-4b25-93c2-dfad2c6b1e31}</UniqueIdentifier>
    </Filter>
  </ItemGroup>
  <ItemGroup>
    <ResourceCompile Include="D3Dx.rc">
      <Filter>리소스파일</Filter>
    </ResourceCompile>
  </ItemGroup>
</Project>